
Microsoft Visual Studio Solution File, Format Version 12.00
# Visual Studio Version 16
VisualStudioVersion = 16.0.28922.388
MinimumVisualStudioVersion = 10.0.40219.1
Project("{9A19103F-16F7-4668-BE54-9A1E7A4F7556}") = "EmptyAPP", "EmptyAPP\EmptyAPP.csproj", "{B178E918-9FAD-485C-A5D6-995BDB8C6A80}"
EndProject
Project("{FAE04EC0-301F-11D3-BF4B-00C04F79EFBC}") = "EFGetStarted", "EFGetStarted\EFGetStarted.csproj", "{8FD4B8F8-A8B9-434D-905E-A9F7EFE4C051}"
EndProject
Project("{FAE04EC0-301F-11D3-BF4B-00C04F79EFBC}") = "AbpConsoleApp1", "AbpConsoleApp1\AbpConsoleApp1.csproj", "{C35C6E56-C4FB-4077-B530-5FA8C73ACD1F}"
EndProject
Global
	GlobalSection(SolutionConfigurationPlatforms) = preSolution
		Debug|Any CPU = Debug|Any CPU
		Release|Any CPU = Release|Any CPU
	EndGlobalSection
	GlobalSection(ProjectConfigurationPlatforms) = postSolution
		{B178E918-9FAD-485C-A5D6-995BDB8C6A80}.Debug|Any CPU.ActiveCfg = Debug|Any CPU
		{B178E918-9FAD-485C-A5D6-995BDB8C6A80}.Debug|Any CPU.Build.0 = Debug|Any CPU
		{B178E918-9FAD-485C-A5D6-995BDB8C6A80}.Release|Any CPU.ActiveCfg = Release|Any CPU
		{B178E918-9FAD-485C-A5D6-995BDB8C6A80}.Release|Any CPU.Build.0 = Release|Any CPU
		{8FD4B8F8-A8B9-434D-905E-A9F7EFE4C051}.Debug|Any CPU.ActiveCfg = Debug|Any CPU
		{8FD4B8F8-A8B9-434D-905E-A9F7EFE4C051}.Debug|Any CPU.Build.0 = Debug|Any CPU
		{8FD4B8F8-A8B9-434D-905E-A9F7EFE4C051}.Release|Any CPU.ActiveCfg = Release|Any CPU
		{8FD4B8F8-A8B9-434D-905E-A9F7EFE4C051}.Release|Any CPU.Build.0 = Release|Any CPU
		{C35C6E56-C4FB-4077-B530-5FA8C73ACD1F}.Debug|Any CPU.ActiveCfg = Debug|Any CPU
		{C35C6E56-C4FB-4077-B530-5FA8C73ACD1F}.Debug|Any CPU.Build.0 = Debug|Any CPU
		{C35C6E56-C4FB-4077-B530-5FA8C73ACD1F}.Release|Any CPU.ActiveCfg = Release|Any CPU
		{C35C6E56-C4FB-4077-B530-5FA8C73ACD1F}.Release|Any CPU.Build.0 = Release|Any CPU
	EndGlobalSection
	GlobalSection(SolutionProperties) = preSolution
		HideSolutionNode = FALSE
	EndGlobalSection
	GlobalSection(ExtensibilityGlobals) = postSolution
		SolutionGuid = {A750B45B-B5FB-4E5E-8B07-E170F8002173}
	EndGlobalSection
EndGlobal
